// !$*UTF8*$!
{
	archiveVersion = 1;
	classes = {
	};
	objectVersion = 50;
	objects = {

/* Begin PBXBuildFile section */
		9B10BFD0225E4EE600A0CCDB /* AppDelegate.swift in Sources */ = {isa = PBXBuildFile; fileRef = 9B10BFCF225E4EE600A0CCDB /* AppDelegate.swift */; };
		9B10BFD2225E4EE600A0CCDB /* ViewController.swift in Sources */ = {isa = PBXBuildFile; fileRef = 9B10BFD1225E4EE600A0CCDB /* ViewController.swift */; };
		9B10BFD5225E4EE600A0CCDB /* Main.storyboard in Resources */ = {isa = PBXBuildFile; fileRef = 9B10BFD3225E4EE600A0CCDB /* Main.storyboard */; };
		9B10BFD7225E4EE800A0CCDB /* Assets.xcassets in Resources */ = {isa = PBXBuildFile; fileRef = 9B10BFD6225E4EE800A0CCDB /* Assets.xcassets */; };
		9B10BFDA225E4EE800A0CCDB /* LaunchScreen.storyboard in Resources */ = {isa = PBXBuildFile; fileRef = 9B10BFD8225E4EE800A0CCDB /* LaunchScreen.storyboard */; };
		9B10BFE2225E4FA700A0CCDB /* freaks.mp3 in Resources */ = {isa = PBXBuildFile; fileRef = 9B10BFE1225E4FA700A0CCDB /* freaks.mp3 */; };
		9B1EACD022616FF10091691B /* Podcast.swift in Sources */ = {isa = PBXBuildFile; fileRef = 9B1EACCF22616FF10091691B /* Podcast.swift */; };
		9B1EACD5226170550091691B /* Episode.swift in Sources */ = {isa = PBXBuildFile; fileRef = 9B1EACD4226170550091691B /* Episode.swift */; };
		9B1EACD7226170860091691B /* Transcript.swift in Sources */ = {isa = PBXBuildFile; fileRef = 9B1EACD6226170860091691B /* Transcript.swift */; };
		9B1EACD9226170A50091691B /* YapaAPI.swift in Sources */ = {isa = PBXBuildFile; fileRef = 9B1EACD8226170A50091691B /* YapaAPI.swift */; };
		9B1EACDC22617D840091691B /* PodcastViewController.swift in Sources */ = {isa = PBXBuildFile; fileRef = 9B1EACDB22617D840091691B /* PodcastViewController.swift */; };
		9B1EACDE22617E920091691B /* PodcastTableViewCell.swift in Sources */ = {isa = PBXBuildFile; fileRef = 9B1EACDD22617E920091691B /* PodcastTableViewCell.swift */; };
		9B2523CA22618C6100AB2B09 /* PodcastDetailViewController.swift in Sources */ = {isa = PBXBuildFile; fileRef = 9B2523C922618C6100AB2B09 /* PodcastDetailViewController.swift */; };
		9B2523CC22618DD100AB2B09 /* EpisodeTableViewCell.swift in Sources */ = {isa = PBXBuildFile; fileRef = 9B2523CB22618DD100AB2B09 /* EpisodeTableViewCell.swift */; };
		9B2523CE22619AD900AB2B09 /* NowPlayingViewController.swift in Sources */ = {isa = PBXBuildFile; fileRef = 9B2523CD22619AD900AB2B09 /* NowPlayingViewController.swift */; };
		FA1F9A708DBF888A9566C33C /* Pods_Yapa.framework in Frameworks */ = {isa = PBXBuildFile; fileRef = F433A57ADB53B4538844932F /* Pods_Yapa.framework */; };
/* End PBXBuildFile section */

/* Begin PBXFileReference section */
		4DCF3EBA297AFAE12C83C371 /* Pods-Yapa.release.xcconfig */ = {isa = PBXFileReference; includeInIndex = 1; lastKnownFileType = text.xcconfig; name = "Pods-Yapa.release.xcconfig"; path = "Pods/Target Support Files/Pods-Yapa/Pods-Yapa.release.xcconfig"; sourceTree = "<group>"; };
		613D4E7C58EF8057214B6F8F /* Pods-Yapa.debug.xcconfig */ = {isa = PBXFileReference; includeInIndex = 1; lastKnownFileType = text.xcconfig; name = "Pods-Yapa.debug.xcconfig"; path = "Pods/Target Support Files/Pods-Yapa/Pods-Yapa.debug.xcconfig"; sourceTree = "<group>"; };
		9B10BFCC225E4EE600A0CCDB /* Yapa.app */ = {isa = PBXFileReference; explicitFileType = wrapper.application; includeInIndex = 0; path = Yapa.app; sourceTree = BUILT_PRODUCTS_DIR; };
		9B10BFCF225E4EE600A0CCDB /* AppDelegate.swift */ = {isa = PBXFileReference; lastKnownFileType = sourcecode.swift; path = AppDelegate.swift; sourceTree = "<group>"; };
		9B10BFD1225E4EE600A0CCDB /* ViewController.swift */ = {isa = PBXFileReference; lastKnownFileType = sourcecode.swift; path = ViewController.swift; sourceTree = "<group>"; };
		9B10BFD4225E4EE600A0CCDB /* Base */ = {isa = PBXFileReference; lastKnownFileType = file.storyboard; name = Base; path = Base.lproj/Main.storyboard; sourceTree = "<group>"; };
		9B10BFD6225E4EE800A0CCDB /* Assets.xcassets */ = {isa = PBXFileReference; lastKnownFileType = folder.assetcatalog; path = Assets.xcassets; sourceTree = "<group>"; };
		9B10BFD9225E4EE800A0CCDB /* Base */ = {isa = PBXFileReference; lastKnownFileType = file.storyboard; name = Base; path = Base.lproj/LaunchScreen.storyboard; sourceTree = "<group>"; };
		9B10BFDB225E4EE800A0CCDB /* Info.plist */ = {isa = PBXFileReference; lastKnownFileType = text.plist.xml; path = Info.plist; sourceTree = "<group>"; };
		9B10BFE1225E4FA700A0CCDB /* freaks.mp3 */ = {isa = PBXFileReference; lastKnownFileType = audio.mp3; path = freaks.mp3; sourceTree = "<group>"; };
		9B1EACCF22616FF10091691B /* Podcast.swift */ = {isa = PBXFileReference; fileEncoding = 4; lastKnownFileType = sourcecode.swift; path = Podcast.swift; sourceTree = "<group>"; };
		9B1EACD4226170550091691B /* Episode.swift */ = {isa = PBXFileReference; lastKnownFileType = sourcecode.swift; path = Episode.swift; sourceTree = "<group>"; };
		9B1EACD6226170860091691B /* Transcript.swift */ = {isa = PBXFileReference; lastKnownFileType = sourcecode.swift; path = Transcript.swift; sourceTree = "<group>"; };
		9B1EACD8226170A50091691B /* YapaAPI.swift */ = {isa = PBXFileReference; lastKnownFileType = sourcecode.swift; path = YapaAPI.swift; sourceTree = "<group>"; };
		9B1EACDB22617D840091691B /* PodcastViewController.swift */ = {isa = PBXFileReference; lastKnownFileType = sourcecode.swift; path = PodcastViewController.swift; sourceTree = "<group>"; };
		9B1EACDD22617E920091691B /* PodcastTableViewCell.swift */ = {isa = PBXFileReference; lastKnownFileType = sourcecode.swift; path = PodcastTableViewCell.swift; sourceTree = "<group>"; };
		9B2523C922618C6100AB2B09 /* PodcastDetailViewController.swift */ = {isa = PBXFileReference; lastKnownFileType = sourcecode.swift; path = PodcastDetailViewController.swift; sourceTree = "<group>"; };
		9B2523CB22618DD100AB2B09 /* EpisodeTableViewCell.swift */ = {isa = PBXFileReference; lastKnownFileType = sourcecode.swift; path = EpisodeTableViewCell.swift; sourceTree = "<group>"; };
		9B2523CD22619AD900AB2B09 /* NowPlayingViewController.swift */ = {isa = PBXFileReference; lastKnownFileType = sourcecode.swift; path = NowPlayingViewController.swift; sourceTree = "<group>"; };
		F433A57ADB53B4538844932F /* Pods_Yapa.framework */ = {isa = PBXFileReference; explicitFileType = wrapper.framework; includeInIndex = 0; path = Pods_Yapa.framework; sourceTree = BUILT_PRODUCTS_DIR; };
/* End PBXFileReference section */

/* Begin PBXFrameworksBuildPhase section */
		9B10BFC9225E4EE600A0CCDB /* Frameworks */ = {
			isa = PBXFrameworksBuildPhase;
			buildActionMask = 2147483647;
			files = (
				FA1F9A708DBF888A9566C33C /* Pods_Yapa.framework in Frameworks */,
			);
			runOnlyForDeploymentPostprocessing = 0;
		};
/* End PBXFrameworksBuildPhase section */

/* Begin PBXGroup section */
		12F847BADAF8E9A05227C968 /* Frameworks */ = {
			isa = PBXGroup;
			children = (
				F433A57ADB53B4538844932F /* Pods_Yapa.framework */,
			);
			name = Frameworks;
			sourceTree = "<group>";
		};
		9B10BFC3225E4EE600A0CCDB = {
			isa = PBXGroup;
			children = (
				9B10BFCE225E4EE600A0CCDB /* Yapa */,
				9B10BFCD225E4EE600A0CCDB /* Products */,
				E113E7BBBAEB788D634CDEF6 /* Pods */,
				12F847BADAF8E9A05227C968 /* Frameworks */,
			);
			sourceTree = "<group>";
		};
		9B10BFCD225E4EE600A0CCDB /* Products */ = {
			isa = PBXGroup;
			children = (
				9B10BFCC225E4EE600A0CCDB /* Yapa.app */,
			);
			name = Products;
			sourceTree = "<group>";
		};
		9B10BFCE225E4EE600A0CCDB /* Yapa */ = {
			isa = PBXGroup;
			children = (
				9B10BFCF225E4EE600A0CCDB /* AppDelegate.swift */,
				9B1EACDA226170AD0091691B /* API */,
				9B1EACD3226170030091691B /* ViewControllers */,
				9B1EACDF22617E970091691B /* Views */,
				9B1EACD222616FFC0091691B /* Models */,
				9B10BFD3225E4EE600A0CCDB /* Main.storyboard */,
				9B10BFD6225E4EE800A0CCDB /* Assets.xcassets */,
				9B10BFD8225E4EE800A0CCDB /* LaunchScreen.storyboard */,
				9B10BFDB225E4EE800A0CCDB /* Info.plist */,
				9B10BFE3225E512B00A0CCDB /* Resources */,
			);
			path = Yapa;
			sourceTree = "<group>";
		};
		9B10BFE3225E512B00A0CCDB /* Resources */ = {
			isa = PBXGroup;
			children = (
				9B10BFE1225E4FA700A0CCDB /* freaks.mp3 */,
			);
			path = Resources;
			sourceTree = "<group>";
		};
		9B1EACD222616FFC0091691B /* Models */ = {
			isa = PBXGroup;
			children = (
				9B1EACCF22616FF10091691B /* Podcast.swift */,
				9B1EACD4226170550091691B /* Episode.swift */,
				9B1EACD6226170860091691B /* Transcript.swift */,
			);
			path = Models;
			sourceTree = "<group>";
		};
		9B1EACD3226170030091691B /* ViewControllers */ = {
			isa = PBXGroup;
			children = (
				9B10BFD1225E4EE600A0CCDB /* ViewController.swift */,
				9B1EACDB22617D840091691B /* PodcastViewController.swift */,
				9B2523C922618C6100AB2B09 /* PodcastDetailViewController.swift */,
				9B2523CD22619AD900AB2B09 /* NowPlayingViewController.swift */,
			);
			path = ViewControllers;
			sourceTree = "<group>";
		};
		9B1EACDA226170AD0091691B /* API */ = {
			isa = PBXGroup;
			children = (
				9B1EACD8226170A50091691B /* YapaAPI.swift */,
			);
			path = API;
			sourceTree = "<group>";
		};
		9B1EACDF22617E970091691B /* Views */ = {
			isa = PBXGroup;
			children = (
				9B1EACDD22617E920091691B /* PodcastTableViewCell.swift */,
				9B2523CB22618DD100AB2B09 /* EpisodeTableViewCell.swift */,
			);
			path = Views;
			sourceTree = "<group>";
		};
		E113E7BBBAEB788D634CDEF6 /* Pods */ = {
			isa = PBXGroup;
			children = (
				613D4E7C58EF8057214B6F8F /* Pods-Yapa.debug.xcconfig */,
				4DCF3EBA297AFAE12C83C371 /* Pods-Yapa.release.xcconfig */,
			);
			name = Pods;
			sourceTree = "<group>";
		};
/* End PBXGroup section */

/* Begin PBXNativeTarget section */
		9B10BFCB225E4EE600A0CCDB /* Yapa */ = {
			isa = PBXNativeTarget;
			buildConfigurationList = 9B10BFDE225E4EE800A0CCDB /* Build configuration list for PBXNativeTarget "Yapa" */;
			buildPhases = (
				67D1E9C181FD9EDAD4A8F93B /* [CP] Check Pods Manifest.lock */,
				9B10BFC8225E4EE600A0CCDB /* Sources */,
				9B10BFC9225E4EE600A0CCDB /* Frameworks */,
				9B10BFCA225E4EE600A0CCDB /* Resources */,
				2EE04CB05EC4E5A3187983E9 /* [CP] Embed Pods Frameworks */,
			);
			buildRules = (
			);
			dependencies = (
			);
			name = Yapa;
			productName = Yapa;
			productReference = 9B10BFCC225E4EE600A0CCDB /* Yapa.app */;
			productType = "com.apple.product-type.application";
		};
/* End PBXNativeTarget section */

/* Begin PBXProject section */
		9B10BFC4225E4EE600A0CCDB /* Project object */ = {
			isa = PBXProject;
			attributes = {
				LastSwiftUpdateCheck = 1020;
				LastUpgradeCheck = 1020;
				ORGANIZATIONNAME = "Daniel Moreh";
				TargetAttributes = {
					9B10BFCB225E4EE600A0CCDB = {
						CreatedOnToolsVersion = 10.2;
					};
				};
			};
			buildConfigurationList = 9B10BFC7225E4EE600A0CCDB /* Build configuration list for PBXProject "Yapa" */;
			compatibilityVersion = "Xcode 9.3";
			developmentRegion = en;
			hasScannedForEncodings = 0;
			knownRegions = (
				en,
				Base,
			);
			mainGroup = 9B10BFC3225E4EE600A0CCDB;
			productRefGroup = 9B10BFCD225E4EE600A0CCDB /* Products */;
			projectDirPath = "";
			projectRoot = "";
			targets = (
				9B10BFCB225E4EE600A0CCDB /* Yapa */,
			);
		};
/* End PBXProject section */

/* Begin PBXResourcesBuildPhase section */
		9B10BFCA225E4EE600A0CCDB /* Resources */ = {
			isa = PBXResourcesBuildPhase;
			buildActionMask = 2147483647;
			files = (
				9B10BFDA225E4EE800A0CCDB /* LaunchScreen.storyboard in Resources */,
				9B10BFE2225E4FA700A0CCDB /* freaks.mp3 in Resources */,
				9B10BFD7225E4EE800A0CCDB /* Assets.xcassets in Resources */,
				9B10BFD5225E4EE600A0CCDB /* Main.storyboard in Resources */,
			);
			runOnlyForDeploymentPostprocessing = 0;
		};
/* End PBXResourcesBuildPhase section */

/* Begin PBXShellScriptBuildPhase section */
		2EE04CB05EC4E5A3187983E9 /* [CP] Embed Pods Frameworks */ = {
			isa = PBXShellScriptBuildPhase;
			buildActionMask = 2147483647;
			files = (
			);
			inputPaths = (
				"${SRCROOT}/Pods/Target Support Files/Pods-Yapa/Pods-Yapa-frameworks.sh",
				"${BUILT_PRODUCTS_DIR}/Alamofire/Alamofire.framework",
				"${BUILT_PRODUCTS_DIR}/AlamofireImage/AlamofireImage.framework",
			);
			name = "[CP] Embed Pods Frameworks";
			outputPaths = (
				"${TARGET_BUILD_DIR}/${FRAMEWORKS_FOLDER_PATH}/Alamofire.framework",
				"${TARGET_BUILD_DIR}/${FRAMEWORKS_FOLDER_PATH}/AlamofireImage.framework",
			);
			runOnlyForDeploymentPostprocessing = 0;
			shellPath = /bin/sh;
			shellScript = "\"${SRCROOT}/Pods/Target Support Files/Pods-Yapa/Pods-Yapa-frameworks.sh\"\n";
			showEnvVarsInLog = 0;
		};
		67D1E9C181FD9EDAD4A8F93B /* [CP] Check Pods Manifest.lock */ = {
			isa = PBXShellScriptBuildPhase;
			buildActionMask = 2147483647;
			files = (
			);
			inputPaths = (
				"${PODS_PODFILE_DIR_PATH}/Podfile.lock",
				"${PODS_ROOT}/Manifest.lock",
			);
			name = "[CP] Check Pods Manifest.lock";
			outputPaths = (
				"$(DERIVED_FILE_DIR)/Pods-Yapa-checkManifestLockResult.txt",
			);
			runOnlyForDeploymentPostprocessing = 0;
			shellPath = /bin/sh;
			shellScript = "diff \"${PODS_PODFILE_DIR_PATH}/Podfile.lock\" \"${PODS_ROOT}/Manifest.lock\" > /dev/null\nif [ $? != 0 ] ; then\n    # print error to STDERR\n    echo \"error: The sandbox is not in sync with the Podfile.lock. Run 'pod install' or update your CocoaPods installation.\" >&2\n    exit 1\nfi\n# This output is used by Xcode 'outputs' to avoid re-running this script phase.\necho \"SUCCESS\" > \"${SCRIPT_OUTPUT_FILE_0}\"\n";
			showEnvVarsInLog = 0;
		};
/* End PBXShellScriptBuildPhase section */

/* Begin PBXSourcesBuildPhase section */
		9B10BFC8225E4EE600A0CCDB /* Sources */ = {
			isa = PBXSourcesBuildPhase;
			buildActionMask = 2147483647;
			files = (
				9B10BFD2225E4EE600A0CCDB /* ViewController.swift in Sources */,
				9B2523CA22618C6100AB2B09 /* PodcastDetailViewController.swift in Sources */,
				9B1EACD7226170860091691B /* Transcript.swift in Sources */,
				9B2523CC22618DD100AB2B09 /* EpisodeTableViewCell.swift in Sources */,
				9B1EACD5226170550091691B /* Episode.swift in Sources */,
				9B10BFD0225E4EE600A0CCDB /* AppDelegate.swift in Sources */,
				9B1EACD022616FF10091691B /* Podcast.swift in Sources */,
				9B1EACDC22617D840091691B /* PodcastViewController.swift in Sources */,
				9B2523CE22619AD900AB2B09 /* NowPlayingViewController.swift in Sources */,
				9B1EACDE22617E920091691B /* PodcastTableViewCell.swift in Sources */,
				9B1EACD9226170A50091691B /* YapaAPI.swift in Sources */,
			);
			runOnlyForDeploymentPostprocessing = 0;
		};
/* End PBXSourcesBuildPhase section */

/* Begin PBXVariantGroup section */
		9B10BFD3225E4EE600A0CCDB /* Main.storyboard */ = {
			isa = PBXVariantGroup;
			children = (
				9B10BFD4225E4EE600A0CCDB /* Base */,
			);
			name = Main.storyboard;
			sourceTree = "<group>";
		};
		9B10BFD8225E4EE800A0CCDB /* LaunchScreen.storyboard */ = {
			isa = PBXVariantGroup;
			children = (
				9B10BFD9225E4EE800A0CCDB /* Base */,
			);
			name = LaunchScreen.storyboard;
			sourceTree = "<group>";
		};
/* End PBXVariantGroup section */

/* Begin XCBuildConfiguration section */
		9B10BFDC225E4EE800A0CCDB /* Debug */ = {
			isa = XCBuildConfiguration;
			buildSettings = {
				ALWAYS_SEARCH_USER_PATHS = NO;
				CLANG_ANALYZER_NONNULL = YES;
				CLANG_ANALYZER_NUMBER_OBJECT_CONVERSION = YES_AGGRESSIVE;
				CLANG_CXX_LANGUAGE_STANDARD = "gnu++14";
				CLANG_CXX_LIBRARY = "libc++";
				CLANG_ENABLE_MODULES = YES;
				CLANG_ENABLE_OBJC_ARC = YES;
				CLANG_ENABLE_OBJC_WEAK = YES;
				CLANG_WARN_BLOCK_CAPTURE_AUTORELEASING = YES;
				CLANG_WARN_BOOL_CONVERSION = YES;
				CLANG_WARN_COMMA = YES;
				CLANG_WARN_CONSTANT_CONVERSION = YES;
				CLANG_WARN_DEPRECATED_OBJC_IMPLEMENTATIONS = YES;
				CLANG_WARN_DIRECT_OBJC_ISA_USAGE = YES_ERROR;
				CLANG_WARN_DOCUMENTATION_COMMENTS = YES;
				CLANG_WARN_EMPTY_BODY = YES;
				CLANG_WARN_ENUM_CONVERSION = YES;
				CLANG_WARN_INFINITE_RECURSION = YES;
				CLANG_WARN_INT_CONVERSION = YES;
				CLANG_WARN_NON_LITERAL_NULL_CONVERSION = YES;
				CLANG_WARN_OBJC_IMPLICIT_RETAIN_SELF = YES;
				CLANG_WARN_OBJC_LITERAL_CONVERSION = YES;
				CLANG_WARN_OBJC_ROOT_CLASS = YES_ERROR;
				CLANG_WARN_RANGE_LOOP_ANALYSIS = YES;
				CLANG_WARN_STRICT_PROTOTYPES = YES;
				CLANG_WARN_SUSPICIOUS_MOVE = YES;
				CLANG_WARN_UNGUARDED_AVAILABILITY = YES_AGGRESSIVE;
				CLANG_WARN_UNREACHABLE_CODE = YES;
				CLANG_WARN__DUPLICATE_METHOD_MATCH = YES;
				CODE_SIGN_IDENTITY = "iPhone Developer";
				COPY_PHASE_STRIP = NO;
				DEBUG_INFORMATION_FORMAT = dwarf;
				ENABLE_STRICT_OBJC_MSGSEND = YES;
				ENABLE_TESTABILITY = YES;
				GCC_C_LANGUAGE_STANDARD = gnu11;
				GCC_DYNAMIC_NO_PIC = NO;
				GCC_NO_COMMON_BLOCKS = YES;
				GCC_OPTIMIZATION_LEVEL = 0;
				GCC_PREPROCESSOR_DEFINITIONS = (
					"DEBUG=1",
					"$(inherited)",
				);
				GCC_WARN_64_TO_32_BIT_CONVERSION = YES;
				GCC_WARN_ABOUT_RETURN_TYPE = YES_ERROR;
				GCC_WARN_UNDECLARED_SELECTOR = YES;
				GCC_WARN_UNINITIALIZED_AUTOS = YES_AGGRESSIVE;
				GCC_WARN_UNUSED_FUNCTION = YES;
				GCC_WARN_UNUSED_VARIABLE = YES;
				IPHONEOS_DEPLOYMENT_TARGET = 12.2;
				MTL_ENABLE_DEBUG_INFO = INCLUDE_SOURCE;
				MTL_FAST_MATH = YES;
				ONLY_ACTIVE_ARCH = YES;
				SDKROOT = iphoneos;
				SWIFT_ACTIVE_COMPILATION_CONDITIONS = DEBUG;
				SWIFT_OPTIMIZATION_LEVEL = "-Onone";
			};
			name = Debug;
		};
		9B10BFDD225E4EE800A0CCDB /* Release */ = {
			isa = XCBuildConfiguration;
			buildSettings = {
				ALWAYS_SEARCH_USER_PATHS = NO;
				CLANG_ANALYZER_NONNULL = YES;
				CLANG_ANALYZER_NUMBER_OBJECT_CONVERSION = YES_AGGRESSIVE;
				CLANG_CXX_LANGUAGE_STANDARD = "gnu++14";
				CLANG_CXX_LIBRARY = "libc++";
				CLANG_ENABLE_MODULES = YES;
				CLANG_ENABLE_OBJC_ARC = YES;
				CLANG_ENABLE_OBJC_WEAK = YES;
				CLANG_WARN_BLOCK_CAPTURE_AUTORELEASING = YES;
				CLANG_WARN_BOOL_CONVERSION = YES;
				CLANG_WARN_COMMA = YES;
				CLANG_WARN_CONSTANT_CONVERSION = YES;
				CLANG_WARN_DEPRECATED_OBJC_IMPLEMENTATIONS = YES;
				CLANG_WARN_DIRECT_OBJC_ISA_USAGE = YES_ERROR;
				CLANG_WARN_DOCUMENTATION_COMMENTS = YES;
				CLANG_WARN_EMPTY_BODY = YES;
				CLANG_WARN_ENUM_CONVERSION = YES;
				CLANG_WARN_INFINITE_RECURSION = YES;
				CLANG_WARN_INT_CONVERSION = YES;
				CLANG_WARN_NON_LITERAL_NULL_CONVERSION = YES;
				CLANG_WARN_OBJC_IMPLICIT_RETAIN_SELF = YES;
				CLANG_WARN_OBJC_LITERAL_CONVERSION = YES;
				CLANG_WARN_OBJC_ROOT_CLASS = YES_ERROR;
				CLANG_WARN_RANGE_LOOP_ANALYSIS = YES;
				CLANG_WARN_STRICT_PROTOTYPES = YES;
				CLANG_WARN_SUSPICIOUS_MOVE = YES;
				CLANG_WARN_UNGUARDED_AVAILABILITY = YES_AGGRESSIVE;
				CLANG_WARN_UNREACHABLE_CODE = YES;
				CLANG_WARN__DUPLICATE_METHOD_MATCH = YES;
				CODE_SIGN_IDENTITY = "iPhone Developer";
				COPY_PHASE_STRIP = NO;
				DEBUG_INFORMATION_FORMAT = "dwarf-with-dsym";
				ENABLE_NS_ASSERTIONS = NO;
				ENABLE_STRICT_OBJC_MSGSEND = YES;
				GCC_C_LANGUAGE_STANDARD = gnu11;
				GCC_NO_COMMON_BLOCKS = YES;
				GCC_WARN_64_TO_32_BIT_CONVERSION = YES;
				GCC_WARN_ABOUT_RETURN_TYPE = YES_ERROR;
				GCC_WARN_UNDECLARED_SELECTOR = YES;
				GCC_WARN_UNINITIALIZED_AUTOS = YES_AGGRESSIVE;
				GCC_WARN_UNUSED_FUNCTION = YES;
				GCC_WARN_UNUSED_VARIABLE = YES;
				IPHONEOS_DEPLOYMENT_TARGET = 12.2;
				MTL_ENABLE_DEBUG_INFO = NO;
				MTL_FAST_MATH = YES;
				SDKROOT = iphoneos;
				SWIFT_COMPILATION_MODE = wholemodule;
				SWIFT_OPTIMIZATION_LEVEL = "-O";
				VALIDATE_PRODUCT = YES;
			};
			name = Release;
		};
		9B10BFDF225E4EE800A0CCDB /* Debug */ = {
			isa = XCBuildConfiguration;
			baseConfigurationReference = 613D4E7C58EF8057214B6F8F /* Pods-Yapa.debug.xcconfig */;
			buildSettings = {
				ASSETCATALOG_COMPILER_APPICON_NAME = AppIcon;
				CODE_SIGN_STYLE = Automatic;
				DEVELOPMENT_TEAM = 8W43W2Q3HJ;
				INFOPLIST_FILE = Yapa/Info.plist;
				IPHONEOS_DEPLOYMENT_TARGET = 12.0;
				LD_RUNPATH_SEARCH_PATHS = (
					"$(inherited)",
					"@executable_path/Frameworks",
				);
				PRODUCT_BUNDLE_IDENTIFIER = com.DanielMoreh.Yapa;
				PRODUCT_NAME = "$(TARGET_NAME)";
				SWIFT_VERSION = 5.0;
				TARGETED_DEVICE_FAMILY = 1;
			};
			name = Debug;
		};
		9B10BFE0225E4EE800A0CCDB /* Release */ = {
			isa = XCBuildConfiguration;
			baseConfigurationReference = 4DCF3EBA297AFAE12C83C371 /* Pods-Yapa.release.xcconfig */;
			buildSettings = {
				ASSETCATALOG_COMPILER_APPICON_NAME = AppIcon;
				CODE_SIGN_STYLE = Automatic;
				DEVELOPMENT_TEAM = 8W43W2Q3HJ;
				INFOPLIST_FILE = Yapa/Info.plist;
				IPHONEOS_DEPLOYMENT_TARGET = 12.0;
				LD_RUNPATH_SEARCH_PATHS = (
					"$(inherited)",
					"@executable_path/Frameworks",
				);
				PRODUCT_BUNDLE_IDENTIFIER = com.DanielMoreh.Yapa;
				PRODUCT_NAME = "$(TARGET_NAME)";
				SWIFT_VERSION = 5.0;
				TARGETED_DEVICE_FAMILY = 1;
			};
			name = Release;
		};
/* End XCBuildConfiguration section */

/* Begin XCConfigurationList section */
		9B10BFC7225E4EE600A0CCDB /* Build configuration list for PBXProject "Yapa" */ = {
			isa = XCConfigurationList;
			buildConfigurations = (
				9B10BFDC225E4EE800A0CCDB /* Debug */,
				9B10BFDD225E4EE800A0CCDB /* Release */,
			);
			defaultConfigurationIsVisible = 0;
			defaultConfigurationName = Release;
		};
		9B10BFDE225E4EE800A0CCDB /* Build configuration list for PBXNativeTarget "Yapa" */ = {
			isa = XCConfigurationList;
			buildConfigurations = (
				9B10BFDF225E4EE800A0CCDB /* Debug */,
				9B10BFE0225E4EE800A0CCDB /* Release */,
			);
			defaultConfigurationIsVisible = 0;
			defaultConfigurationName = Release;
		};
/* End XCConfigurationList section */
	};
	rootObject = 9B10BFC4225E4EE600A0CCDB /* Project object */;
}
